
Microsoft Visual Studio Solution File, Format Version 12.00
# Visual Studio Version 16
VisualStudioVersion = 16.0.31613.86
MinimumVisualStudioVersion = 10.0.40219.1
Project("{FAE04EC0-301F-11D3-BF4B-00C04F79EFBC}") = "Example_OOP", "Example_OOP\Example_OOP.csproj", "{D4636DE3-F2B9-48FC-88F7-F78CB81ED5EA}"
EndProject
Global
	GlobalSection(SolutionConfigurationPlatforms) = preSolution
		Debug|Any CPU = Debug|Any CPU
		Release|Any CPU = Release|Any CPU
	EndGlobalSection
	GlobalSection(ProjectConfigurationPlatforms) = postSolution
		{D4636DE3-F2B9-48FC-88F7-F78CB81ED5EA}.Debug|Any CPU.ActiveCfg = Debug|Any CPU
		{D4636DE3-F2B9-48FC-88F7-F78CB81ED5EA}.Debug|Any CPU.Build.0 = Debug|Any CPU
		{D4636DE3-F2B9-48FC-88F7-F78CB81ED5EA}.Release|Any CPU.ActiveCfg = Release|Any CPU
		{D4636DE3-F2B9-48FC-88F7-F78CB81ED5EA}.Release|Any CPU.Build.0 = Release|Any CPU
	EndGlobalSection
	GlobalSection(SolutionProperties) = preSolution
		HideSolutionNode = FALSE
	EndGlobalSection
	GlobalSection(ExtensibilityGlobals) = postSolution
		SolutionGuid = {723D4EAA-805B-4889-86AC-917B252FF1E4}
	EndGlobalSection
EndGlobal
